
Microsoft Visual Studio Solution File, Format Version 12.00
# Visual Studio Version 16
VisualStudioVersion = 16.0.32126.315
MinimumVisualStudioVersion = 10.0.40219.1
Project("{FAE04EC0-301F-11D3-BF4B-00C04F79EFBC}") = "ClassesAndMethodsAssignment2", "ClassesAndMethodsAssignment2\ClassesAndMethodsAssignment2.csproj", "{FC69D172-6124-46D1-8920-B56AC4D3494B}"
EndProject
Global
	GlobalSection(SolutionConfigurationPlatforms) = preSolution
		Debug|Any CPU = Debug|Any CPU
		Release|Any CPU = Release|Any CPU
	EndGlobalSection
	GlobalSection(ProjectConfigurationPlatforms) = postSolution
		{FC69D172-6124-46D1-8920-B56AC4D3494B}.Debug|Any CPU.ActiveCfg = Debug|Any CPU
		{FC69D172-6124-46D1-8920-B56AC4D3494B}.Debug|Any CPU.Build.0 = Debug|Any CPU
		{FC69D172-6124-46D1-8920-B56AC4D3494B}.Release|Any CPU.ActiveCfg = Release|Any CPU
		{FC69D172-6124-46D1-8920-B56AC4D3494B}.Release|Any CPU.Build.0 = Release|Any CPU
	EndGlobalSection
	GlobalSection(SolutionProperties) = preSolution
		HideSolutionNode = FALSE
	EndGlobalSection
	GlobalSection(ExtensibilityGlobals) = postSolution
		SolutionGuid = {DE9D650D-C04D-44B2-8DCE-9FCD560A5E28}
	EndGlobalSection
EndGlobal
